
Microsoft Visual Studio Solution File, Format Version 12.00
# Visual Studio Version 16
VisualStudioVersion = 16.0.30517.126
MinimumVisualStudioVersion = 10.0.40219.1
Project("{9A19103F-16F7-4668-BE54-9A1E7A4F7556}") = "IssueTracker", "IssueTracker\IssueTracker.csproj", "{5CD83B38-DDC1-48E7-9FBC-D61066C78B49}"
EndProject
Global
	GlobalSection(SolutionConfigurationPlatforms) = preSolution
		Debug|Any CPU = Debug|Any CPU
		Release|Any CPU = Release|Any CPU
	EndGlobalSection
	GlobalSection(ProjectConfigurationPlatforms) = postSolution
		{5CD83B38-DDC1-48E7-9FBC-D61066C78B49}.Debug|Any CPU.ActiveCfg = Debug|Any CPU
		{5CD83B38-DDC1-48E7-9FBC-D61066C78B49}.Debug|Any CPU.Build.0 = Debug|Any CPU
		{5CD83B38-DDC1-48E7-9FBC-D61066C78B49}.Release|Any CPU.ActiveCfg = Release|Any CPU
		{5CD83B38-DDC1-48E7-9FBC-D61066C78B49}.Release|Any CPU.Build.0 = Release|Any CPU
	EndGlobalSection
	GlobalSection(SolutionProperties) = preSolution
		HideSolutionNode = FALSE
	EndGlobalSection
	GlobalSection(ExtensibilityGlobals) = postSolution
		SolutionGuid = {49CB51BB-DDFC-4D5B-9FE9-4545631F7E31}
	EndGlobalSection
EndGlobal
